github.com/contribsys/faktory v1.9.0 h1:oC6SM3l3+TDtuBcWVbQMzAzucljEnqOBV3iuQ4pdRAY=
github.com/contribsys/faktory v1.9.0/go.mod h1:oiOAlP8Wxc/HyMWbZJpXlt+HK9QWhr8C3NIDLS2BoRo=
github.com/contribsys/faktory_worker_go v1.7.0 h1:YSZRj/nSjn+2ms9ooHIOHAahHJehXutgD46b+0lHDP4=
github.com/contribsys/faktory_worker_go v1.7.0/go.mod h1:JRw4PvanwLgX5IIQazw6W5zg/Rg7/Fg6YrkdH4gJJPc=
